
Microsoft Visual Studio Solution File, Format Version 12.00
# Visual Studio Version 16
VisualStudioVersion = 16.0.29409.12
MinimumVisualStudioVersion = 10.0.40219.1
Project("{FAE04EC0-301F-11D3-BF4B-00C04F79EFBC}") = "MSS_ANUNCIOS.DATOS", "MSS_ANUNCIOS.DATOS\MSS_ANUNCIOS.DATOS.csproj", "{6E477ACC-0E68-4550-A713-8F081F0398AF}"
EndProject
Project("{FAE04EC0-301F-11D3-BF4B-00C04F79EFBC}") = "MSS_ANUNCIOS.ENTIDADES", "MSS_ANUNCIOS.ENTIDADES\MSS_ANUNCIOS.ENTIDADES.csproj", "{E6E1767F-1524-4540-A4EF-04A70BBEE963}"
EndProject
Project("{FAE04EC0-301F-11D3-BF4B-00C04F79EFBC}") = "MSS_ANUNCIOS.TOOLKIT", "MSS_ANUNCIOS.TOOLKIT\MSS_ANUNCIOS.TOOLKIT.csproj", "{5CAC84E4-9E57-48C1-8158-6DCD80CCA2AC}"
EndProject
Project("{FAE04EC0-301F-11D3-BF4B-00C04F79EFBC}") = "MSS_ANUNCIOS.TASK", "MSS_ANUNCIOS.TASK\MSS_ANUNCIOS.TASK.csproj", "{B2CFDD5C-C37B-4F9F-BA64-EE55ADD5E805}"
EndProject
Project("{FAE04EC0-301F-11D3-BF4B-00C04F79EFBC}") = "Devsoft.WindowsService", "Devsoft.WindowsService\Devsoft.WindowsService.csproj", "{2D143BAE-761A-4996-9804-5C87E1E1D7AE}"
EndProject
Project("{2150E333-8FDC-42A3-9474-1A3956D46DE8}") = "SW", "SW", "{C1039E08-205B-43DA-91BF-E6AED561CCD5}"
EndProject
Project("{FAE04EC0-301F-11D3-BF4B-00C04F79EFBC}") = "MSS_ANUNCIOS.WEB", "MSS_ANUNCIOS.WEB\MSS_ANUNCIOS.WEB.csproj", "{A7BFBE39-7154-49C4-B6AC-5A05F160D0BE}"
EndProject
Project("{FAE04EC0-301F-11D3-BF4B-00C04F79EFBC}") = "ST.APPTEST", "ST.APPTEST\ST.APPTEST.csproj", "{954C03CD-1DEF-49D2-9F78-250FC6ED8120}"
EndProject
Project("{FAE04EC0-301F-11D3-BF4B-00C04F79EFBC}") = "ST.APP.EXCEL", "ST.APP.EXCEL\ST.APP.EXCEL.csproj", "{C85128FC-F966-4DF7-AA9F-5BFB6FF4EA85}"
EndProject
Project("{FAE04EC0-301F-11D3-BF4B-00C04F79EFBC}") = "ST.REVISION.RESERVAS", "ST.REVISION.RESERVAS\ST.REVISION.RESERVAS.csproj", "{014B5AC9-0976-4B1A-94C4-88FE800E9D48}"
EndProject
Global
	GlobalSection(SolutionConfigurationPlatforms) = preSolution
		Debug|Any CPU = Debug|Any CPU
		Debug|x64 = Debug|x64
		Debug|x86 = Debug|x86
		Release|Any CPU = Release|Any CPU
		Release|x64 = Release|x64
		Release|x86 = Release|x86
	EndGlobalSection
	GlobalSection(ProjectConfigurationPlatforms) = postSolution
		{6E477ACC-0E68-4550-A713-8F081F0398AF}.Debug|Any CPU.ActiveCfg = Debug|Any CPU
		{6E477ACC-0E68-4550-A713-8F081F0398AF}.Debug|Any CPU.Build.0 = Debug|Any CPU
		{6E477ACC-0E68-4550-A713-8F081F0398AF}.Debug|x64.ActiveCfg = Debug|Any CPU
		{6E477ACC-0E68-4550-A713-8F081F0398AF}.Debug|x64.Build.0 = Debug|Any CPU
		{6E477ACC-0E68-4550-A713-8F081F0398AF}.Debug|x86.ActiveCfg = Debug|Any CPU
		{6E477ACC-0E68-4550-A713-8F081F0398AF}.Debug|x86.Build.0 = Debug|Any CPU
		{6E477ACC-0E68-4550-A713-8F081F0398AF}.Release|Any CPU.ActiveCfg = Release|Any CPU
		{6E477ACC-0E68-4550-A713-8F081F0398AF}.Release|Any CPU.Build.0 = Release|Any CPU
		{6E477ACC-0E68-4550-A713-8F081F0398AF}.Release|x64.ActiveCfg = Release|Any CPU
		{6E477ACC-0E68-4550-A713-8F081F0398AF}.Release|x64.Build.0 = Release|Any CPU
		{6E477ACC-0E68-4550-A713-8F081F0398AF}.Release|x86.ActiveCfg = Release|Any CPU
		{6E477ACC-0E68-4550-A713-8F081F0398AF}.Release|x86.Build.0 = Release|Any CPU
		{E6E1767F-1524-4540-A4EF-04A70BBEE963}.Debug|Any CPU.ActiveCfg = Debug|Any CPU
		{E6E1767F-1524-4540-A4EF-04A70BBEE963}.Debug|Any CPU.Build.0 = Debug|Any CPU
		{E6E1767F-1524-4540-A4EF-04A70BBEE963}.Debug|x64.ActiveCfg = Debug|Any CPU
		{E6E1767F-1524-4540-A4EF-04A70BBEE963}.Debug|x64.Build.0 = Debug|Any CPU
		{E6E1767F-1524-4540-A4EF-04A70BBEE963}.Debug|x86.ActiveCfg = Debug|Any CPU
		{E6E1767F-1524-4540-A4EF-04A70BBEE963}.Debug|x86.Build.0 = Debug|Any CPU
		{E6E1767F-1524-4540-A4EF-04A70BBEE963}.Release|Any CPU.ActiveCfg = Release|Any CPU
		{E6E1767F-1524-4540-A4EF-04A70BBEE963}.Release|Any CPU.Build.0 = Release|Any CPU
		{E6E1767F-1524-4540-A4EF-04A70BBEE963}.Release|x64.ActiveCfg = Release|Any CPU
		{E6E1767F-1524-4540-A4EF-04A70BBEE963}.Release|x64.Build.0 = Release|Any CPU
		{E6E1767F-1524-4540-A4EF-04A70BBEE963}.Release|x86.ActiveCfg = Release|Any CPU
		{E6E1767F-1524-4540-A4EF-04A70BBEE963}.Release|x86.Build.0 = Release|Any CPU
		{5CAC84E4-9E57-48C1-8158-6DCD80CCA2AC}.Debug|Any CPU.ActiveCfg = Debug|Any CPU
		{5CAC84E4-9E57-48C1-8158-6DCD80CCA2AC}.Debug|Any CPU.Build.0 = Debug|Any CPU
		{5CAC84E4-9E57-48C1-8158-6DCD80CCA2AC}.Debug|x64.ActiveCfg = Debug|Any CPU
		{5CAC84E4-9E57-48C1-8158-6DCD80CCA2AC}.Debug|x64.Build.0 = Debug|Any CPU
		{5CAC84E4-9E57-48C1-8158-6DCD80CCA2AC}.Debug|x86.ActiveCfg = Debug|Any CPU
		{5CAC84E4-9E57-48C1-8158-6DCD80CCA2AC}.Debug|x86.Build.0 = Debug|Any CPU
		{5CAC84E4-9E57-48C1-8158-6DCD80CCA2AC}.Release|Any CPU.ActiveCfg = Release|Any CPU
		{5CAC84E4-9E57-48C1-8158-6DCD80CCA2AC}.Release|Any CPU.Build.0 = Release|Any CPU
		{5CAC84E4-9E57-48C1-8158-6DCD80CCA2AC}.Release|x64.ActiveCfg = Release|Any CPU
		{5CAC84E4-9E57-48C1-8158-6DCD80CCA2AC}.Release|x64.Build.0 = Release|Any CPU
		{5CAC84E4-9E57-48C1-8158-6DCD80CCA2AC}.Release|x86.ActiveCfg = Release|Any CPU
		{5CAC84E4-9E57-48C1-8158-6DCD80CCA2AC}.Release|x86.Build.0 = Release|Any CPU
		{B2CFDD5C-C37B-4F9F-BA64-EE55ADD5E805}.Debug|Any CPU.ActiveCfg = Debug|Any CPU
		{B2CFDD5C-C37B-4F9F-BA64-EE55ADD5E805}.Debug|Any CPU.Build.0 = Debug|Any CPU
		{B2CFDD5C-C37B-4F9F-BA64-EE55ADD5E805}.Debug|x64.ActiveCfg = Debug|Any CPU
		{B2CFDD5C-C37B-4F9F-BA64-EE55ADD5E805}.Debug|x64.Build.0 = Debug|Any CPU
		{B2CFDD5C-C37B-4F9F-BA64-EE55ADD5E805}.Debug|x86.ActiveCfg = Debug|Any CPU
		{B2CFDD5C-C37B-4F9F-BA64-EE55ADD5E805}.Debug|x86.Build.0 = Debug|Any CPU
		{B2CFDD5C-C37B-4F9F-BA64-EE55ADD5E805}.Release|Any CPU.ActiveCfg = Release|Any CPU
		{B2CFDD5C-C37B-4F9F-BA64-EE55ADD5E805}.Release|Any CPU.Build.0 = Release|Any CPU
		{B2CFDD5C-C37B-4F9F-BA64-EE55ADD5E805}.Release|x64.ActiveCfg = Release|Any CPU
		{B2CFDD5C-C37B-4F9F-BA64-EE55ADD5E805}.Release|x64.Build.0 = Release|Any CPU
		{B2CFDD5C-C37B-4F9F-BA64-EE55ADD5E805}.Release|x86.ActiveCfg = Release|Any CPU
		{B2CFDD5C-C37B-4F9F-BA64-EE55ADD5E805}.Release|x86.Build.0 = Release|Any CPU
		{2D143BAE-761A-4996-9804-5C87E1E1D7AE}.Debug|Any CPU.ActiveCfg = Debug|Any CPU
		{2D143BAE-761A-4996-9804-5C87E1E1D7AE}.Debug|Any CPU.Build.0 = Debug|Any CPU
		{2D143BAE-761A-4996-9804-5C87E1E1D7AE}.Debug|x64.ActiveCfg = Debug|x64
		{2D143BAE-761A-4996-9804-5C87E1E1D7AE}.Debug|x64.Build.0 = Debug|x64
		{2D143BAE-761A-4996-9804-5C87E1E1D7AE}.Debug|x86.ActiveCfg = Debug|x86
		{2D143BAE-761A-4996-9804-5C87E1E1D7AE}.Debug|x86.Build.0 = Debug|x86
		{2D143BAE-761A-4996-9804-5C87E1E1D7AE}.Release|Any CPU.ActiveCfg = Release|Any CPU
		{2D143BAE-761A-4996-9804-5C87E1E1D7AE}.Release|Any CPU.Build.0 = Release|Any CPU
		{2D143BAE-761A-4996-9804-5C87E1E1D7AE}.Release|x64.ActiveCfg = Release|x64
		{2D143BAE-761A-4996-9804-5C87E1E1D7AE}.Release|x64.Build.0 = Release|x64
		{2D143BAE-761A-4996-9804-5C87E1E1D7AE}.Release|x86.ActiveCfg = Release|x86
		{2D143BAE-761A-4996-9804-5C87E1E1D7AE}.Release|x86.Build.0 = Release|x86
		{A7BFBE39-7154-49C4-B6AC-5A05F160D0BE}.Debug|Any CPU.ActiveCfg = Debug|Any CPU
		{A7BFBE39-7154-49C4-B6AC-5A05F160D0BE}.Debug|Any CPU.Build.0 = Debug|Any CPU
		{A7BFBE39-7154-49C4-B6AC-5A05F160D0BE}.Debug|x64.ActiveCfg = Debug|Any CPU
		{A7BFBE39-7154-49C4-B6AC-5A05F160D0BE}.Debug|x64.Build.0 = Debug|Any CPU
		{A7BFBE39-7154-49C4-B6AC-5A05F160D0BE}.Debug|x86.ActiveCfg = Debug|Any CPU
		{A7BFBE39-7154-49C4-B6AC-5A05F160D0BE}.Debug|x86.Build.0 = Debug|Any CPU
		{A7BFBE39-7154-49C4-B6AC-5A05F160D0BE}.Release|Any CPU.ActiveCfg = Release|Any CPU
		{A7BFBE39-7154-49C4-B6AC-5A05F160D0BE}.Release|Any CPU.Build.0 = Release|Any CPU
		{A7BFBE39-7154-49C4-B6AC-5A05F160D0BE}.Release|x64.ActiveCfg = Release|Any CPU
		{A7BFBE39-7154-49C4-B6AC-5A05F160D0BE}.Release|x64.Build.0 = Release|Any CPU
		{A7BFBE39-7154-49C4-B6AC-5A05F160D0BE}.Release|x86.ActiveCfg = Release|Any CPU
		{A7BFBE39-7154-49C4-B6AC-5A05F160D0BE}.Release|x86.Build.0 = Release|Any CPU
		{954C03CD-1DEF-49D2-9F78-250FC6ED8120}.Debug|Any CPU.ActiveCfg = Debug|Any CPU
		{954C03CD-1DEF-49D2-9F78-250FC6ED8120}.Debug|Any CPU.Build.0 = Debug|Any CPU
		{954C03CD-1DEF-49D2-9F78-250FC6ED8120}.Debug|x64.ActiveCfg = Debug|Any CPU
		{954C03CD-1DEF-49D2-9F78-250FC6ED8120}.Debug|x64.Build.0 = Debug|Any CPU
		{954C03CD-1DEF-49D2-9F78-250FC6ED8120}.Debug|x86.ActiveCfg = Debug|Any CPU
		{954C03CD-1DEF-49D2-9F78-250FC6ED8120}.Debug|x86.Build.0 = Debug|Any CPU
		{954C03CD-1DEF-49D2-9F78-250FC6ED8120}.Release|Any CPU.ActiveCfg = Release|Any CPU
		{954C03CD-1DEF-49D2-9F78-250FC6ED8120}.Release|Any CPU.Build.0 = Release|Any CPU
		{954C03CD-1DEF-49D2-9F78-250FC6ED8120}.Release|x64.ActiveCfg = Release|Any CPU
		{954C03CD-1DEF-49D2-9F78-250FC6ED8120}.Release|x64.Build.0 = Release|Any CPU
		{954C03CD-1DEF-49D2-9F78-250FC6ED8120}.Release|x86.ActiveCfg = Release|Any CPU
		{954C03CD-1DEF-49D2-9F78-250FC6ED8120}.Release|x86.Build.0 = Release|Any CPU
		{C85128FC-F966-4DF7-AA9F-5BFB6FF4EA85}.Debug|Any CPU.ActiveCfg = Debug|Any CPU
		{C85128FC-F966-4DF7-AA9F-5BFB6FF4EA85}.Debug|Any CPU.Build.0 = Debug|Any CPU
		{C85128FC-F966-4DF7-AA9F-5BFB6FF4EA85}.Debug|x64.ActiveCfg = Debug|Any CPU
		{C85128FC-F966-4DF7-AA9F-5BFB6FF4EA85}.Debug|x64.Build.0 = Debug|Any CPU
		{C85128FC-F966-4DF7-AA9F-5BFB6FF4EA85}.Debug|x86.ActiveCfg = Debug|Any CPU
		{C85128FC-F966-4DF7-AA9F-5BFB6FF4EA85}.Debug|x86.Build.0 = Debug|Any CPU
		{C85128FC-F966-4DF7-AA9F-5BFB6FF4EA85}.Release|Any CPU.ActiveCfg = Release|Any CPU
		{C85128FC-F966-4DF7-AA9F-5BFB6FF4EA85}.Release|Any CPU.Build.0 = Release|Any CPU
		{C85128FC-F966-4DF7-AA9F-5BFB6FF4EA85}.Release|x64.ActiveCfg = Release|Any CPU
		{C85128FC-F966-4DF7-AA9F-5BFB6FF4EA85}.Release|x64.Build.0 = Release|Any CPU
		{C85128FC-F966-4DF7-AA9F-5BFB6FF4EA85}.Release|x86.ActiveCfg = Release|Any CPU
		{C85128FC-F966-4DF7-AA9F-5BFB6FF4EA85}.Release|x86.Build.0 = Release|Any CPU
		{014B5AC9-0976-4B1A-94C4-88FE800E9D48}.Debug|Any CPU.ActiveCfg = Debug|Any CPU
		{014B5AC9-0976-4B1A-94C4-88FE800E9D48}.Debug|Any CPU.Build.0 = Debug|Any CPU
		{014B5AC9-0976-4B1A-94C4-88FE800E9D48}.Debug|x64.ActiveCfg = Debug|Any CPU
		{014B5AC9-0976-4B1A-94C4-88FE800E9D48}.Debug|x64.Build.0 = Debug|Any CPU
		{014B5AC9-0976-4B1A-94C4-88FE800E9D48}.Debug|x86.ActiveCfg = Debug|Any CPU
		{014B5AC9-0976-4B1A-94C4-88FE800E9D48}.Debug|x86.Build.0 = Debug|Any CPU
		{014B5AC9-0976-4B1A-94C4-88FE800E9D48}.Release|Any CPU.ActiveCfg = Release|Any CPU
		{014B5AC9-0976-4B1A-94C4-88FE800E9D48}.Release|Any CPU.Build.0 = Release|Any CPU
		{014B5AC9-0976-4B1A-94C4-88FE800E9D48}.Release|x64.ActiveCfg = Release|Any CPU
		{014B5AC9-0976-4B1A-94C4-88FE800E9D48}.Release|x64.Build.0 = Release|Any CPU
		{014B5AC9-0976-4B1A-94C4-88FE800E9D48}.Release|x86.ActiveCfg = Release|Any CPU
		{014B5AC9-0976-4B1A-94C4-88FE800E9D48}.Release|x86.Build.0 = Release|Any CPU
	EndGlobalSection
	GlobalSection(SolutionProperties) = preSolution
		HideSolutionNode = FALSE
	EndGlobalSection
	GlobalSection(NestedProjects) = preSolution
		{2D143BAE-761A-4996-9804-5C87E1E1D7AE} = {C1039E08-205B-43DA-91BF-E6AED561CCD5}
	EndGlobalSection
	GlobalSection(ExtensibilityGlobals) = postSolution
		SolutionGuid = {9961C2AD-27E4-4CB9-9B84-D13BB525B1D9}
	EndGlobalSection
EndGlobal
